<?xml version="1.0" encoding="utf-8"?>
<Project ToolsVersion="4.0" xmlns="http://schemas.microsoft.com/developer/msbuild/2003">
  <ItemGroup>
    <Filter Include="リソース ファイル">
      <UniqueIdentifier>{67DA6AB6-F800-4c08-8B7A-83BB121AAD01}</UniqueIdentifier>
      <Extensions>rc;ico;cur;bmp;dlg;rc2;rct;bin;rgs;gif;jpg;jpeg;jpe;resx;tiff;tif;png;wav;mfcribbon-ms</Extensions>
    </Filter>
    <Filter Include="Source File">
      <UniqueIdentifier>{4FC737F1-C7A5-4376-A066-2A32D752A2FF}</UniqueIdentifier>
      <Extensions>cpp;c;cc;cxx;def;odl;idl;hpj;bat;asm;asmx</Extensions>
    </Filter>
    <Filter Include="Header File">
      <UniqueIdentifier>{93995380-89BD-4b04-88EB-625FBE52EBFB}</UniqueIdentifier>
      <Extensions>h;hpp;hxx;hm;inl;inc;xsd</Extensions>
    </Filter>
    <Filter Include="Header File\Sort">
      <UniqueIdentifier>{a63629c2-f13e-46db-9817-8aa92cd7e0b1}</UniqueIdentifier>
    </Filter>
    <Filter Include="Header File\Heap">
      <UniqueIdentifier>{b36d0bd1-cbc7-4cd6-8114-844ff320c45a}</UniqueIdentifier>
    </Filter>
    <Filter Include="Header File\Tree">
      <UniqueIdentifier>{a36c189c-d855-49aa-b081-6fec4c497b90}</UniqueIdentifier>
    </Filter>
    <Filter Include="Header File\UnionFind">
      <UniqueIdentifier>{37b61880-b223-4079-824f-43d0903df06a}</UniqueIdentifier>
    </Filter>
    <Filter Include="Header File\Graph">
      <UniqueIdentifier>{a25ec11c-6033-43b6-a2d7-02807749ac64}</UniqueIdentifier>
    </Filter>
  </ItemGroup>
  <ItemGroup>
    <ClInclude Include="stdafx.h">
      <Filter>Header File</Filter>
    </ClInclude>
    <ClInclude Include="targetver.h">
      <Filter>Header File</Filter>
    </ClInclude>
    <ClInclude Include="Book.h">
      <Filter>Header File</Filter>
    </ClInclude>
    <ClInclude Include="Sort\MergeSort.h">
      <Filter>Header File\Sort</Filter>
    </ClInclude>
    <ClInclude Include="Sort\QuickSort.h">
      <Filter>Header File\Sort</Filter>
    </ClInclude>
    <ClInclude Include="Sort\SortUseCase.h">
      <Filter>Header File\Sort</Filter>
    </ClInclude>
    <ClInclude Include="Sort\BasicSort.h">
      <Filter>Header File\Sort</Filter>
    </ClInclude>
    <ClInclude Include="Heap\HeapSort.h">
      <Filter>Header File\Heap</Filter>
    </ClInclude>
    <ClInclude Include="Heap\IndexMaxHeap.h">
      <Filter>Header File\Heap</Filter>
    </ClInclude>
    <ClInclude Include="Heap\MinHeap.h">
      <Filter>Header File\Heap</Filter>
    </ClInclude>
    <ClInclude Include="Heap\MaxHeap.h">
      <Filter>Header File\Heap</Filter>
    </ClInclude>
    <ClInclude Include="Tree\BST.h">
      <Filter>Header File\Tree</Filter>
    </ClInclude>
    <ClInclude Include="FileProcs.h">
      <Filter>Header File</Filter>
    </ClInclude>
    <ClInclude Include="Tree\SequenceST.h">
      <Filter>Header File\Tree</Filter>
    </ClInclude>
    <ClInclude Include="Tree\RBT.h">
      <Filter>Header File\Tree</Filter>
    </ClInclude>
    <ClInclude Include="Tree\AVL.h">
      <Filter>Header File\Tree</Filter>
    </ClInclude>
    <ClInclude Include="UnionFindTestUtil.h">
      <Filter>Header File</Filter>
    </ClInclude>
    <ClInclude Include="UnionFind\QuickFind.h">
      <Filter>Header File\UnionFind</Filter>
    </ClInclude>
    <ClInclude Include="UnionFind\QuickUnion.h">
      <Filter>Header File\UnionFind</Filter>
    </ClInclude>
    <ClInclude Include="UnionFind\QuickUnionSize.h">
      <Filter>Header File\UnionFind</Filter>
    </ClInclude>
    <ClInclude Include="UnionFind\QuickUnionRank.h">
      <Filter>Header File\UnionFind</Filter>
    </ClInclude>
    <ClInclude Include="UnionFind\UnionFind.h">
      <Filter>Header File\UnionFind</Filter>
    </ClInclude>
    <ClInclude Include="Graph\DenseGraph.h">
      <Filter>Header File\Graph</Filter>
    </ClInclude>
    <ClInclude Include="Graph\SparseGraph.h">
      <Filter>Header File\Graph</Filter>
    </ClInclude>
    <ClInclude Include="Graph\Components.h">
      <Filter>Header File\Graph</Filter>
    </ClInclude>
  </ItemGroup>
  <ItemGroup>
    <ClCompile Include="stdafx.cpp">
      <Filter>Source File</Filter>
    </ClCompile>
    <ClCompile Include="main.cpp">
      <Filter>Source File</Filter>
    </ClCompile>
  </ItemGroup>
  <ItemGroup>
    <None Include="SortTestUtil.h">
      <Filter>Header File</Filter>
    </None>
  </ItemGroup>
</Project>